
Microsoft Visual Studio Solution File, Format Version 12.00
# Visual Studio Version 17
VisualStudioVersion = 17.3.32929.385
MinimumVisualStudioVersion = 10.0.40219.1
Project("{F2A71F9B-5D33-465A-A702-920D77279786}") = "adventofcode", "adventofcode.fsproj", "{4C99DB83-8CF3-4080-A065-F344DD786FAB}"
EndProject
Global
	GlobalSection(SolutionConfigurationPlatforms) = preSolution
		Debug|Any CPU = Debug|Any CPU
		Release|Any CPU = Release|Any CPU
	EndGlobalSection
	GlobalSection(ProjectConfigurationPlatforms) = postSolution
		{4C99DB83-8CF3-4080-A065-F344DD786FAB}.Debug|Any CPU.ActiveCfg = Debug|Any CPU
		{4C99DB83-8CF3-4080-A065-F344DD786FAB}.Debug|Any CPU.Build.0 = Debug|Any CPU
		{4C99DB83-8CF3-4080-A065-F344DD786FAB}.Release|Any CPU.ActiveCfg = Release|Any CPU
		{4C99DB83-8CF3-4080-A065-F344DD786FAB}.Release|Any CPU.Build.0 = Release|Any CPU
	EndGlobalSection
	GlobalSection(SolutionProperties) = preSolution
		HideSolutionNode = FALSE
	EndGlobalSection
	GlobalSection(ExtensibilityGlobals) = postSolution
		SolutionGuid = {D14F9613-A7CF-4CA1-875C-8D7242541E7D}
	EndGlobalSection
EndGlobal
