
Microsoft Visual Studio Solution File, Format Version 12.00
# Visual Studio Version 17
VisualStudioVersion = 17.3.32929.385
MinimumVisualStudioVersion = 10.0.40219.1
Project("{F184B08F-C81C-45F6-A57F-5ABD9991F28F}") = "15-Visual Basic", "15-Visual Basic.vbproj", "{BBC4CC0E-0CA4-43B5-B90F-3B08EF3D7475}"
EndProject
Global
	GlobalSection(SolutionConfigurationPlatforms) = preSolution
		Debug|Any CPU = Debug|Any CPU
		Release|Any CPU = Release|Any CPU
	EndGlobalSection
	GlobalSection(ProjectConfigurationPlatforms) = postSolution
		{BBC4CC0E-0CA4-43B5-B90F-3B08EF3D7475}.Debug|Any CPU.ActiveCfg = Debug|Any CPU
		{BBC4CC0E-0CA4-43B5-B90F-3B08EF3D7475}.Debug|Any CPU.Build.0 = Debug|Any CPU
		{BBC4CC0E-0CA4-43B5-B90F-3B08EF3D7475}.Release|Any CPU.ActiveCfg = Release|Any CPU
		{BBC4CC0E-0CA4-43B5-B90F-3B08EF3D7475}.Release|Any CPU.Build.0 = Release|Any CPU
	EndGlobalSection
	GlobalSection(SolutionProperties) = preSolution
		HideSolutionNode = FALSE
	EndGlobalSection
	GlobalSection(ExtensibilityGlobals) = postSolution
		SolutionGuid = {30909ED3-D848-49C4-82F1-BE0FC5FE975A}
	EndGlobalSection
EndGlobal
